
Microsoft Visual Studio Solution File, Format Version 12.00
# Visual Studio Version 17
VisualStudioVersion = 17.9.34622.214
MinimumVisualStudioVersion = 10.0.40219.1
Project("{2150E333-8FDC-42A3-9474-1A3956D46DE8}") = "Services", "Services", "{E30564DB-68E2-4AB4-B236-9D69CDA1F18E}"
EndProject
Project("{2150E333-8FDC-42A3-9474-1A3956D46DE8}") = "Catalog", "Catalog", "{86CD991F-9D13-472C-ABEC-1BA0A2151E6D}"
EndProject
Project("{9A19103F-16F7-4668-BE54-9A1E7A4F7556}") = "Catalog.Api", "Services\Catalog\Catalog.Api\Catalog.Api.csproj", "{BE5EA27F-7DFC-458A-AF11-C5051A6E0207}"
EndProject
Project("{2150E333-8FDC-42A3-9474-1A3956D46DE8}") = "BuildingBlocks", "BuildingBlocks", "{2B2089E5-9D19-4D54-867E-297CC7D2DB29}"
EndProject
Project("{9A19103F-16F7-4668-BE54-9A1E7A4F7556}") = "BuildingBlocks", "BuildingBlocks\BuildingBlocks\BuildingBlocks.csproj", "{6ACED8DE-8FA5-4A80-A7FB-68A0B1E98720}"
EndProject
Project("{E53339B2-1760-4266-BCC7-CA923CBCF16C}") = "docker-compose", "docker-compose.dcproj", "{5E8B3B9E-A6C0-40CE-B63A-FD07B1F6F489}"
EndProject
Project("{2150E333-8FDC-42A3-9474-1A3956D46DE8}") = "Basket", "Basket", "{30B452ED-5DCF-4FEA-B7D0-6D3841CFEB8C}"
EndProject
Project("{FAE04EC0-301F-11D3-BF4B-00C04F79EFBC}") = "Basket.API", "Services\Basket\Basket.API\Basket.API.csproj", "{D11BABBB-EFD4-4D7A-8086-7561BF238901}"
EndProject
Global
	GlobalSection(SolutionConfigurationPlatforms) = preSolution
		Debug|Any CPU = Debug|Any CPU
		Release|Any CPU = Release|Any CPU
	EndGlobalSection
	GlobalSection(ProjectConfigurationPlatforms) = postSolution
		{BE5EA27F-7DFC-458A-AF11-C5051A6E0207}.Debug|Any CPU.ActiveCfg = Debug|Any CPU
		{BE5EA27F-7DFC-458A-AF11-C5051A6E0207}.Debug|Any CPU.Build.0 = Debug|Any CPU
		{BE5EA27F-7DFC-458A-AF11-C5051A6E0207}.Release|Any CPU.ActiveCfg = Release|Any CPU
		{BE5EA27F-7DFC-458A-AF11-C5051A6E0207}.Release|Any CPU.Build.0 = Release|Any CPU
		{6ACED8DE-8FA5-4A80-A7FB-68A0B1E98720}.Debug|Any CPU.ActiveCfg = Debug|Any CPU
		{6ACED8DE-8FA5-4A80-A7FB-68A0B1E98720}.Debug|Any CPU.Build.0 = Debug|Any CPU
		{6ACED8DE-8FA5-4A80-A7FB-68A0B1E98720}.Release|Any CPU.ActiveCfg = Release|Any CPU
		{6ACED8DE-8FA5-4A80-A7FB-68A0B1E98720}.Release|Any CPU.Build.0 = Release|Any CPU
		{5E8B3B9E-A6C0-40CE-B63A-FD07B1F6F489}.Debug|Any CPU.ActiveCfg = Debug|Any CPU
		{5E8B3B9E-A6C0-40CE-B63A-FD07B1F6F489}.Debug|Any CPU.Build.0 = Debug|Any CPU
		{5E8B3B9E-A6C0-40CE-B63A-FD07B1F6F489}.Release|Any CPU.ActiveCfg = Release|Any CPU
		{5E8B3B9E-A6C0-40CE-B63A-FD07B1F6F489}.Release|Any CPU.Build.0 = Release|Any CPU
		{D11BABBB-EFD4-4D7A-8086-7561BF238901}.Debug|Any CPU.ActiveCfg = Debug|Any CPU
		{D11BABBB-EFD4-4D7A-8086-7561BF238901}.Debug|Any CPU.Build.0 = Debug|Any CPU
		{D11BABBB-EFD4-4D7A-8086-7561BF238901}.Release|Any CPU.ActiveCfg = Release|Any CPU
		{D11BABBB-EFD4-4D7A-8086-7561BF238901}.Release|Any CPU.Build.0 = Release|Any CPU
	EndGlobalSection
	GlobalSection(SolutionProperties) = preSolution
		HideSolutionNode = FALSE
	EndGlobalSection
	GlobalSection(NestedProjects) = preSolution
		{86CD991F-9D13-472C-ABEC-1BA0A2151E6D} = {E30564DB-68E2-4AB4-B236-9D69CDA1F18E}
		{BE5EA27F-7DFC-458A-AF11-C5051A6E0207} = {86CD991F-9D13-472C-ABEC-1BA0A2151E6D}
		{6ACED8DE-8FA5-4A80-A7FB-68A0B1E98720} = {2B2089E5-9D19-4D54-867E-297CC7D2DB29}
		{30B452ED-5DCF-4FEA-B7D0-6D3841CFEB8C} = {E30564DB-68E2-4AB4-B236-9D69CDA1F18E}
		{D11BABBB-EFD4-4D7A-8086-7561BF238901} = {30B452ED-5DCF-4FEA-B7D0-6D3841CFEB8C}
	EndGlobalSection
	GlobalSection(ExtensibilityGlobals) = postSolution
		SolutionGuid = {9E690136-2351-46E4-B15A-9B00873F8101}
	EndGlobalSection
EndGlobal
